
Microsoft Visual Studio Solution File, Format Version 12.00
Project("{FAE04EC0-301F-11D3-BF4B-00C04F79EFBC}") = "TessaractUI", "TessaractUI\TessaractUI.csproj", "{816D7514-29A2-4D7F-BA55-09C363B259F6}"
EndProject
Global
	GlobalSection(SolutionConfigurationPlatforms) = preSolution
		Debug|Any CPU = Debug|Any CPU
		Release|Any CPU = Release|Any CPU
	EndGlobalSection
	GlobalSection(ProjectConfigurationPlatforms) = postSolution
		{816D7514-29A2-4D7F-BA55-09C363B259F6}.Debug|Any CPU.ActiveCfg = Debug|Any CPU
		{816D7514-29A2-4D7F-BA55-09C363B259F6}.Debug|Any CPU.Build.0 = Debug|Any CPU
		{816D7514-29A2-4D7F-BA55-09C363B259F6}.Release|Any CPU.ActiveCfg = Release|Any CPU
		{816D7514-29A2-4D7F-BA55-09C363B259F6}.Release|Any CPU.Build.0 = Release|Any CPU
	EndGlobalSection
EndGlobal
